
Microsoft Visual Studio Solution File, Format Version 12.00
# Visual Studio Version 17
VisualStudioVersion = 17.13.35931.197 d17.13
MinimumVisualStudioVersion = 10.0.40219.1
Project("{FAE04EC0-301F-11D3-BF4B-00C04F79EFBC}") = "Presentation", "Presentation\Presentation.csproj", "{3AF437C5-16A2-43FE-BC1C-0A142878817B}"
EndProject
Global
	GlobalSection(SolutionConfigurationPlatforms) = preSolution
		Debug|Any CPU = Debug|Any CPU
		Release|Any CPU = Release|Any CPU
	EndGlobalSection
	GlobalSection(ProjectConfigurationPlatforms) = postSolution
		{3AF437C5-16A2-43FE-BC1C-0A142878817B}.Debug|Any CPU.ActiveCfg = Debug|Any CPU
		{3AF437C5-16A2-43FE-BC1C-0A142878817B}.Debug|Any CPU.Build.0 = Debug|Any CPU
		{3AF437C5-16A2-43FE-BC1C-0A142878817B}.Release|Any CPU.ActiveCfg = Release|Any CPU
		{3AF437C5-16A2-43FE-BC1C-0A142878817B}.Release|Any CPU.Build.0 = Release|Any CPU
	EndGlobalSection
	GlobalSection(SolutionProperties) = preSolution
		HideSolutionNode = FALSE
	EndGlobalSection
	GlobalSection(ExtensibilityGlobals) = postSolution
		SolutionGuid = {EFA453CF-98F1-443B-88D8-7A93DFD20A5E}
	EndGlobalSection
EndGlobal
